
Microsoft Visual Studio Solution File, Format Version 12.00
# Visual Studio Version 16
VisualStudioVersion = 16.0.29411.108
MinimumVisualStudioVersion = 10.0.40219.1
Project("{8BC9CEB8-8B4A-11D0-8D11-00A0C91BC942}") = "CatnipBase", "CatnipBase\CatnipBase.vcxproj", "{21E5E059-70B0-44A6-BF80-3F4A70006EC9}"
	ProjectSection(ProjectDependencies) = postProject
		{88A23124-5640-35A0-B890-311D7A67A7D2} = {88A23124-5640-35A0-B890-311D7A67A7D2}
	EndProjectSection
EndProject
Project("{8BC9CEB8-8B4A-11D0-8D11-00A0C91BC942}") = "Zydis", "zydis\msvc\zydis\Zydis.vcxproj", "{88A23124-5640-35A0-B890-311D7A67A7D2}"
EndProject
Global
	GlobalSection(SolutionConfigurationPlatforms) = preSolution
		Debug|x64 = Debug|x64
		Debug|x86 = Debug|x86
		Release|x64 = Release|x64
		Release|x86 = Release|x86
	EndGlobalSection
	GlobalSection(ProjectConfigurationPlatforms) = postSolution
		{21E5E059-70B0-44A6-BF80-3F4A70006EC9}.Debug|x64.ActiveCfg = Debug|x64
		{21E5E059-70B0-44A6-BF80-3F4A70006EC9}.Debug|x64.Build.0 = Debug|x64
		{21E5E059-70B0-44A6-BF80-3F4A70006EC9}.Debug|x86.ActiveCfg = Debug|Win32
		{21E5E059-70B0-44A6-BF80-3F4A70006EC9}.Debug|x86.Build.0 = Debug|Win32
		{21E5E059-70B0-44A6-BF80-3F4A70006EC9}.Release|x64.ActiveCfg = Release|x64
		{21E5E059-70B0-44A6-BF80-3F4A70006EC9}.Release|x64.Build.0 = Release|x64
		{21E5E059-70B0-44A6-BF80-3F4A70006EC9}.Release|x86.ActiveCfg = Release|Win32
		{21E5E059-70B0-44A6-BF80-3F4A70006EC9}.Release|x86.Build.0 = Release|Win32
		{88A23124-5640-35A0-B890-311D7A67A7D2}.Debug|x64.ActiveCfg = Debug MT|x64
		{88A23124-5640-35A0-B890-311D7A67A7D2}.Debug|x64.Build.0 = Debug MT|x64
		{88A23124-5640-35A0-B890-311D7A67A7D2}.Debug|x86.ActiveCfg = Debug MT|Win32
		{88A23124-5640-35A0-B890-311D7A67A7D2}.Debug|x86.Build.0 = Debug MT|Win32
		{88A23124-5640-35A0-B890-311D7A67A7D2}.Release|x64.ActiveCfg = Release MT|x64
		{88A23124-5640-35A0-B890-311D7A67A7D2}.Release|x64.Build.0 = Release MT|x64
		{88A23124-5640-35A0-B890-311D7A67A7D2}.Release|x86.ActiveCfg = Release MT|Win32
		{88A23124-5640-35A0-B890-311D7A67A7D2}.Release|x86.Build.0 = Release MT|Win32
	EndGlobalSection
	GlobalSection(SolutionProperties) = preSolution
		HideSolutionNode = FALSE
	EndGlobalSection
	GlobalSection(ExtensibilityGlobals) = postSolution
		SolutionGuid = {1B6FEF89-555B-4F22-9D53-E1E8769D54C4}
	EndGlobalSection
EndGlobal
