<?xml version="1.0" encoding="utf-8"?>
<Project ToolsVersion="4.0" xmlns="http://schemas.microsoft.com/developer/msbuild/2003">
  <ItemGroup>
    <Filter Include="Modules">
      <UniqueIdentifier>{4FC737F1-C7A5-4376-A066-2A32D752A2FF}</UniqueIdentifier>
      <Extensions>cpp;c;cc;cxx;def;odl;idl;hpj;bat;asm;asmx</Extensions>
    </Filter>
    <Filter Include="Hooks">
      <UniqueIdentifier>{1d069707-e064-4cbb-af28-fb61ca77d374}</UniqueIdentifier>
    </Filter>
    <Filter Include="Modules\ESP">
      <UniqueIdentifier>{51662708-7221-4a28-92f2-e834d896ec59}</UniqueIdentifier>
    </Filter>
  </ItemGroup>
  <ItemGroup>
    <ClCompile Include="Main.cpp" />
    <ClCompile Include="Hooks\Hooks.cpp">
      <Filter>Hooks</Filter>
    </ClCompile>
    <ClCompile Include="Base\Base.cpp">
      <Filter>Modules</Filter>
    </ClCompile>
    <ClCompile Include="Base\Sig.cpp">
      <Filter>Modules</Filter>
    </ClCompile>
    <ClCompile Include="Hooks\OverlayHook.cpp">
      <Filter>Modules</Filter>
    </ClCompile>
    <ClCompile Include="Base\imgui.cpp">
      <Filter>Modules</Filter>
    </ClCompile>
    <ClCompile Include="Base\imgui_impl_dx9.cpp">
      <Filter>Modules</Filter>
    </ClCompile>
    <ClCompile Include="Base\Event.cpp">
      <Filter>Modules</Filter>
    </ClCompile>
    <ClCompile Include="Modules\Menu\Menu.cpp">
      <Filter>Modules</Filter>
    </ClCompile>
    <ClCompile Include="Base\Interfaces.cpp">
      <Filter>Modules</Filter>
    </ClCompile>
    <ClCompile Include="Base\AsmTools.cpp">
      <Filter>Modules</Filter>
    </ClCompile>
    <ClCompile Include="Base\Wrappers\EngineClientWrappers.cpp">
      <Filter>Modules</Filter>
    </ClCompile>
    <ClCompile Include="Hooks\WindowHook.cpp">
      <Filter>Modules</Filter>
    </ClCompile>
    <ClCompile Include="Base\Wrappers\ClientDLLWrappers.cpp">
      <Filter>Modules</Filter>
    </ClCompile>
    <ClCompile Include="Hooks\ClientHook.cpp">
      <Filter>Modules</Filter>
    </ClCompile>
    <ClCompile Include="Base\Lua\Lua.cpp">
      <Filter>Modules</Filter>
    </ClCompile>
    <ClCompile Include="Base\Lua\Exports\ExportedEngine.cpp">
      <Filter>Modules</Filter>
    </ClCompile>
    <ClCompile Include="Base\Lua\Callbacks\LuaCallbacks.cpp">
      <Filter>Modules</Filter>
    </ClCompile>
    <ClCompile Include="Base\Wrappers\ClientModeWrappers.cpp">
      <Filter>Modules</Filter>
    </ClCompile>
    <ClCompile Include="Base\AltimorNetvar.cpp">
      <Filter>Modules</Filter>
    </ClCompile>
    <ClCompile Include="Base\Netvars.cpp">
      <Filter>Modules</Filter>
    </ClCompile>
    <ClCompile Include="Modules\Draw\Draw.cpp">
      <Filter>Modules</Filter>
    </ClCompile>
    <ClCompile Include="Base\Entity.cpp">
      <Filter>Modules</Filter>
    </ClCompile>
    <ClCompile Include="Modules\Visuals\Visuals.cpp">
      <Filter>Modules</Filter>
    </ClCompile>
    <ClCompile Include="Modules\Movement\Movement.cpp">
      <Filter>Modules</Filter>
    </ClCompile>
    <ClCompile Include="Base\Wrappers\EntityListWrappers.cpp">
      <Filter>Modules</Filter>
    </ClCompile>
    <ClCompile Include="Hooks\PaintHook.cpp">
      <Filter>Modules</Filter>
    </ClCompile>
  </ItemGroup>
  <ItemGroup>
    <ClInclude Include="Hooks\Hooks.h">
      <Filter>Hooks</Filter>
    </ClInclude>
    <ClInclude Include="Modules\Module.h">
      <Filter>Modules</Filter>
    </ClInclude>
    <ClInclude Include="SDK\cdll_int.h" />
    <ClInclude Include="SDK\basetypes.h" />
    <ClInclude Include="SDK\commonmacros.h" />
    <ClInclude Include="SDK\vector2d.h" />
    <ClInclude Include="SDK\math_pfns.h" />
    <ClInclude Include="SDK\platform.h" />
    <ClInclude Include="SDK\wchartypes.h" />
    <ClInclude Include="SDK\valve_minmax_on.h" />
    <ClInclude Include="SDK\valve_minmax_off.h" />
    <ClInclude Include="SDK\vector.h" />
    <ClInclude Include="SDK\interface.h" />
    <ClInclude Include="SDK\mathlib.h" />
    <ClInclude Include="SDK\const.h" />
    <ClInclude Include="SDK\checksum_crc.h" />
    <ClInclude Include="SDK\bitbuf.h" />
    <ClInclude Include="SDK\ButtonCode.h" />
    <ClInclude Include="SDK\InputEnums.h" />
    <ClInclude Include="SDK\annotations.h" />
    <ClInclude Include="Base\Base.h" />
    <ClInclude Include="Base\Sig.h" />
    <ClInclude Include="Hooks\OverlayHook.h" />
    <ClInclude Include="Base\imgui_impl_win32.h" />
    <ClInclude Include="Base\Event.h" />
    <ClInclude Include="Modules\Menu\Menu.h" />
    <ClInclude Include="Base\AsmTools.h" />
    <ClInclude Include="Base\Wrappers\EngineClientWrappers.h" />
    <ClInclude Include="Base\Interfaces.h" />
    <ClInclude Include="Base\Wrappers\Wrappers.h" />
    <ClInclude Include="SDK\InterfaceVersions\EngineClient013.h" />
    <ClInclude Include="SDK\InterfaceVersions\EngineClient014.h" />
    <ClInclude Include="Hooks\WindowHook.h" />
    <ClInclude Include="Base\Wrappers\ClientDLLWrappers.h" />
    <ClInclude Include="SDK\InterfaceVersions\ClientDLL017.h" />
    <ClInclude Include="SDK\InterfaceVersions\ClientDLL018.h" />
    <ClInclude Include="SDK\icliententitylist.h" />
    <ClInclude Include="SDK\icliententity.h" />
    <ClInclude Include="SDK\iclientrenderable.h" />
    <ClInclude Include="SDK\iclientunknown.h" />
    <ClInclude Include="SDK\ihandleentity.h" />
    <ClInclude Include="SDK\client_render_handle.h" />
    <ClInclude Include="SDK\ivmodelrender.h" />
    <ClInclude Include="SDK\istudiorender.h" />
    <ClInclude Include="SDK\studio.h" />
    <ClInclude Include="SDK\datamap.h" />
    <ClInclude Include="SDK\vector4d.h" />
    <ClInclude Include="SDK\IAppSystem.h" />
    <ClInclude Include="SDK\imaterial.h" />
    <ClInclude Include="SDK\imaterialsystem.h" />
    <ClInclude Include="SDK\texture_group_names.h" />
    <ClInclude Include="SDK\vmatrix.h" />
    <ClInclude Include="SDK\refcount.h" />
    <ClInclude Include="SDK\vtf.h" />
    <ClInclude Include="SDK\imageformat.h" />
    <ClInclude Include="SDK\iclientnetworkable.h" />
    <ClInclude Include="SDK\iclientthinkable.h" />
    <ClInclude Include="Hooks\ClientHook.h" />
    <ClInclude Include="Base\fnv1a.h" />
    <ClInclude Include="Base\Lua\Lua.h" />
    <ClInclude Include="Base\Lua\Exports\ExportedEngine.h" />
    <ClInclude Include="Base\Lua\Exports\ExportedInterfaces.h" />
    <ClInclude Include="BuildConfig.h" />
    <ClInclude Include="Base\Lua\Callbacks\LuaCallbacks.h" />
    <ClInclude Include="SDK\iclientmode.h" />
    <ClInclude Include="Base\Wrappers\ClientModeWrappers.h" />
    <ClInclude Include="SDK\usercmd.h" />
    <ClInclude Include="SDK\InterfaceVersions\ClientModeSDK.h" />
    <ClInclude Include="SDK\InterfaceVersions\ClientModeCSGO.h" />
    <ClInclude Include="Base\AltimorNetvar.h" />
    <ClInclude Include="SDK\client_class.h" />
    <ClInclude Include="SDK\dt_recv.h" />
    <ClInclude Include="SDK\dt_common.h" />
    <ClInclude Include="SDK\strtools.h" />
    <ClInclude Include="SDK\dbg.h" />
    <ClInclude Include="SDK\Color.h" />
    <ClInclude Include="Base\Netvars.h" />
    <ClInclude Include="Base\Entity.h" />
    <ClInclude Include="SDK\InterfaceVersions\EntitySDK.h" />
    <ClInclude Include="SDK\InterfaceVersions\EntityCSGO.h" />
    <ClInclude Include="Modules\Draw\Draw.h" />
    <ClInclude Include="SDK\IPanel.h" />
    <ClInclude Include="SDK\VGUI.h" />
    <ClInclude Include="Base\VFunc.h" />
    <ClInclude Include="Modules\Visuals\Visuals.h" />
    <ClInclude Include="Modules\Movement\Movement.h" />
    <ClInclude Include="Base\Wrappers\EntityListWrappers.h" />
    <ClInclude Include="SDK\basehandle.h" />
    <ClInclude Include="SDK\InterfaceVersions\ClientEntityList003.h" />
    <ClInclude Include="SDK\ienginevgui.h" />
    <ClInclude Include="SDK\vgui_baseui_interface.h" />
    <ClInclude Include="SDK\xboxstubs.h" />
    <ClInclude Include="Hooks\PaintHook.h" />
  </ItemGroup>
</Project>